
Microsoft Visual Studio Solution File, Format Version 12.00
# Visual Studio Version 17
VisualStudioVersion = 17.0.31903.59
MinimumVisualStudioVersion = 10.0.40219.1
Project("{2150E333-8FDC-42A3-9474-1A3956D46DE8}") = "src", "src", "{827E0CD3-B72D-47B6-A68D-7590B98EB39B}"
EndProject
Project("{FAE04EC0-301F-11D3-BF4B-00C04F79EFBC}") = "TaskManager.Core", "src\TaskManager.Core\TaskManager.Core.csproj", "{F200EC3B-5133-468A-B829-50C23A1D4415}"
EndProject
Project("{FAE04EC0-301F-11D3-BF4B-00C04F79EFBC}") = "TaskManager.Data", "src\TaskManager.Data\TaskManager.Data.csproj", "{09F6A3D7-A509-4B83-87C0-FE8DE12E717A}"
EndProject
Project("{FAE04EC0-301F-11D3-BF4B-00C04F79EFBC}") = "TaskManager.UI", "src\TaskManager.UI\TaskManager.UI.csproj", "{6233E0DF-EEC3-48DD-980E-7E94899E62A0}"
EndProject
Project("{2150E333-8FDC-42A3-9474-1A3956D46DE8}") = "tests", "tests", "{0AB3BF05-4346-4AA6-1389-037BE0695223}"
EndProject
Project("{FAE04EC0-301F-11D3-BF4B-00C04F79EFBC}") = "TaskManager.Tests", "tests\TaskManager.Tests\TaskManager.Tests.csproj", "{F7390FCF-54B5-4F8E-96A8-70E770B6DFDE}"
EndProject
Global
	GlobalSection(SolutionConfigurationPlatforms) = preSolution
		Debug|Any CPU = Debug|Any CPU
		Debug|x64 = Debug|x64
		Debug|x86 = Debug|x86
		Release|Any CPU = Release|Any CPU
		Release|x64 = Release|x64
		Release|x86 = Release|x86
	EndGlobalSection
	GlobalSection(ProjectConfigurationPlatforms) = postSolution
		{F200EC3B-5133-468A-B829-50C23A1D4415}.Debug|Any CPU.ActiveCfg = Debug|Any CPU
		{F200EC3B-5133-468A-B829-50C23A1D4415}.Debug|Any CPU.Build.0 = Debug|Any CPU
		{F200EC3B-5133-468A-B829-50C23A1D4415}.Debug|x64.ActiveCfg = Debug|Any CPU
		{F200EC3B-5133-468A-B829-50C23A1D4415}.Debug|x64.Build.0 = Debug|Any CPU
		{F200EC3B-5133-468A-B829-50C23A1D4415}.Debug|x86.ActiveCfg = Debug|Any CPU
		{F200EC3B-5133-468A-B829-50C23A1D4415}.Debug|x86.Build.0 = Debug|Any CPU
		{F200EC3B-5133-468A-B829-50C23A1D4415}.Release|Any CPU.ActiveCfg = Release|Any CPU
		{F200EC3B-5133-468A-B829-50C23A1D4415}.Release|Any CPU.Build.0 = Release|Any CPU
		{F200EC3B-5133-468A-B829-50C23A1D4415}.Release|x64.ActiveCfg = Release|Any CPU
		{F200EC3B-5133-468A-B829-50C23A1D4415}.Release|x64.Build.0 = Release|Any CPU
		{F200EC3B-5133-468A-B829-50C23A1D4415}.Release|x86.ActiveCfg = Release|Any CPU
		{F200EC3B-5133-468A-B829-50C23A1D4415}.Release|x86.Build.0 = Release|Any CPU
		{09F6A3D7-A509-4B83-87C0-FE8DE12E717A}.Debug|Any CPU.ActiveCfg = Debug|Any CPU
		{09F6A3D7-A509-4B83-87C0-FE8DE12E717A}.Debug|Any CPU.Build.0 = Debug|Any CPU
		{09F6A3D7-A509-4B83-87C0-FE8DE12E717A}.Debug|x64.ActiveCfg = Debug|Any CPU
		{09F6A3D7-A509-4B83-87C0-FE8DE12E717A}.Debug|x64.Build.0 = Debug|Any CPU
		{09F6A3D7-A509-4B83-87C0-FE8DE12E717A}.Debug|x86.ActiveCfg = Debug|Any CPU
		{09F6A3D7-A509-4B83-87C0-FE8DE12E717A}.Debug|x86.Build.0 = Debug|Any CPU
		{09F6A3D7-A509-4B83-87C0-FE8DE12E717A}.Release|Any CPU.ActiveCfg = Release|Any CPU
		{09F6A3D7-A509-4B83-87C0-FE8DE12E717A}.Release|Any CPU.Build.0 = Release|Any CPU
		{09F6A3D7-A509-4B83-87C0-FE8DE12E717A}.Release|x64.ActiveCfg = Release|Any CPU
		{09F6A3D7-A509-4B83-87C0-FE8DE12E717A}.Release|x64.Build.0 = Release|Any CPU
		{09F6A3D7-A509-4B83-87C0-FE8DE12E717A}.Release|x86.ActiveCfg = Release|Any CPU
		{09F6A3D7-A509-4B83-87C0-FE8DE12E717A}.Release|x86.Build.0 = Release|Any CPU
		{6233E0DF-EEC3-48DD-980E-7E94899E62A0}.Debug|Any CPU.ActiveCfg = Debug|Any CPU
		{6233E0DF-EEC3-48DD-980E-7E94899E62A0}.Debug|Any CPU.Build.0 = Debug|Any CPU
		{6233E0DF-EEC3-48DD-980E-7E94899E62A0}.Debug|x64.ActiveCfg = Debug|Any CPU
		{6233E0DF-EEC3-48DD-980E-7E94899E62A0}.Debug|x64.Build.0 = Debug|Any CPU
		{6233E0DF-EEC3-48DD-980E-7E94899E62A0}.Debug|x86.ActiveCfg = Debug|Any CPU
		{6233E0DF-EEC3-48DD-980E-7E94899E62A0}.Debug|x86.Build.0 = Debug|Any CPU
		{6233E0DF-EEC3-48DD-980E-7E94899E62A0}.Release|Any CPU.ActiveCfg = Release|Any CPU
		{6233E0DF-EEC3-48DD-980E-7E94899E62A0}.Release|Any CPU.Build.0 = Release|Any CPU
		{6233E0DF-EEC3-48DD-980E-7E94899E62A0}.Release|x64.ActiveCfg = Release|Any CPU
		{6233E0DF-EEC3-48DD-980E-7E94899E62A0}.Release|x64.Build.0 = Release|Any CPU
		{6233E0DF-EEC3-48DD-980E-7E94899E62A0}.Release|x86.ActiveCfg = Release|Any CPU
		{6233E0DF-EEC3-48DD-980E-7E94899E62A0}.Release|x86.Build.0 = Release|Any CPU
		{F7390FCF-54B5-4F8E-96A8-70E770B6DFDE}.Debug|Any CPU.ActiveCfg = Debug|Any CPU
		{F7390FCF-54B5-4F8E-96A8-70E770B6DFDE}.Debug|Any CPU.Build.0 = Debug|Any CPU
		{F7390FCF-54B5-4F8E-96A8-70E770B6DFDE}.Debug|x64.ActiveCfg = Debug|Any CPU
		{F7390FCF-54B5-4F8E-96A8-70E770B6DFDE}.Debug|x64.Build.0 = Debug|Any CPU
		{F7390FCF-54B5-4F8E-96A8-70E770B6DFDE}.Debug|x86.ActiveCfg = Debug|Any CPU
		{F7390FCF-54B5-4F8E-96A8-70E770B6DFDE}.Debug|x86.Build.0 = Debug|Any CPU
		{F7390FCF-54B5-4F8E-96A8-70E770B6DFDE}.Release|Any CPU.ActiveCfg = Release|Any CPU
		{F7390FCF-54B5-4F8E-96A8-70E770B6DFDE}.Release|Any CPU.Build.0 = Release|Any CPU
		{F7390FCF-54B5-4F8E-96A8-70E770B6DFDE}.Release|x64.ActiveCfg = Release|Any CPU
		{F7390FCF-54B5-4F8E-96A8-70E770B6DFDE}.Release|x64.Build.0 = Release|Any CPU
		{F7390FCF-54B5-4F8E-96A8-70E770B6DFDE}.Release|x86.ActiveCfg = Release|Any CPU
		{F7390FCF-54B5-4F8E-96A8-70E770B6DFDE}.Release|x86.Build.0 = Release|Any CPU
	EndGlobalSection
	GlobalSection(SolutionProperties) = preSolution
		HideSolutionNode = FALSE
	EndGlobalSection
	GlobalSection(NestedProjects) = preSolution
		{F200EC3B-5133-468A-B829-50C23A1D4415} = {827E0CD3-B72D-47B6-A68D-7590B98EB39B}
		{09F6A3D7-A509-4B83-87C0-FE8DE12E717A} = {827E0CD3-B72D-47B6-A68D-7590B98EB39B}
		{6233E0DF-EEC3-48DD-980E-7E94899E62A0} = {827E0CD3-B72D-47B6-A68D-7590B98EB39B}
		{F7390FCF-54B5-4F8E-96A8-70E770B6DFDE} = {0AB3BF05-4346-4AA6-1389-037BE0695223}
	EndGlobalSection
EndGlobal
