
Microsoft Visual Studio Solution File, Format Version 12.00
# Visual Studio Version 17
VisualStudioVersion = 17.0.31903.59
MinimumVisualStudioVersion = 10.0.40219.1
Project("{2150E333-8FDC-42A3-9474-1A3956D46DE8}") = "src", "src", "{827E0CD3-B72D-47B6-A68D-7590B98EB39B}"
EndProject
Project("{FAE04EC0-301F-11D3-BF4B-00C04F79EFBC}") = "DocumentProcessor.Core", "src\DocumentProcessor.Core\DocumentProcessor.Core.csproj", "{B34B3AF0-F65E-4DDD-AA9A-284D55C707A8}"
EndProject
Project("{FAE04EC0-301F-11D3-BF4B-00C04F79EFBC}") = "DocumentProcessor.App", "src\DocumentProcessor.App\DocumentProcessor.App.csproj", "{23640AB3-DF3F-4FD0-B24E-30CE332AD189}"
EndProject
Project("{2150E333-8FDC-42A3-9474-1A3956D46DE8}") = "tests", "tests", "{0AB3BF05-4346-4AA6-1389-037BE0695223}"
EndProject
Project("{FAE04EC0-301F-11D3-BF4B-00C04F79EFBC}") = "DocumentProcessor.Tests", "tests\DocumentProcessor.Tests\DocumentProcessor.Tests.csproj", "{A5E21D10-5E1C-40C1-A523-4C17891C2118}"
EndProject
Global
	GlobalSection(SolutionConfigurationPlatforms) = preSolution
		Debug|Any CPU = Debug|Any CPU
		Debug|x64 = Debug|x64
		Debug|x86 = Debug|x86
		Release|Any CPU = Release|Any CPU
		Release|x64 = Release|x64
		Release|x86 = Release|x86
	EndGlobalSection
	GlobalSection(ProjectConfigurationPlatforms) = postSolution
		{B34B3AF0-F65E-4DDD-AA9A-284D55C707A8}.Debug|Any CPU.ActiveCfg = Debug|Any CPU
		{B34B3AF0-F65E-4DDD-AA9A-284D55C707A8}.Debug|Any CPU.Build.0 = Debug|Any CPU
		{B34B3AF0-F65E-4DDD-AA9A-284D55C707A8}.Debug|x64.ActiveCfg = Debug|Any CPU
		{B34B3AF0-F65E-4DDD-AA9A-284D55C707A8}.Debug|x64.Build.0 = Debug|Any CPU
		{B34B3AF0-F65E-4DDD-AA9A-284D55C707A8}.Debug|x86.ActiveCfg = Debug|Any CPU
		{B34B3AF0-F65E-4DDD-AA9A-284D55C707A8}.Debug|x86.Build.0 = Debug|Any CPU
		{B34B3AF0-F65E-4DDD-AA9A-284D55C707A8}.Release|Any CPU.ActiveCfg = Release|Any CPU
		{B34B3AF0-F65E-4DDD-AA9A-284D55C707A8}.Release|Any CPU.Build.0 = Release|Any CPU
		{B34B3AF0-F65E-4DDD-AA9A-284D55C707A8}.Release|x64.ActiveCfg = Release|Any CPU
		{B34B3AF0-F65E-4DDD-AA9A-284D55C707A8}.Release|x64.Build.0 = Release|Any CPU
		{B34B3AF0-F65E-4DDD-AA9A-284D55C707A8}.Release|x86.ActiveCfg = Release|Any CPU
		{B34B3AF0-F65E-4DDD-AA9A-284D55C707A8}.Release|x86.Build.0 = Release|Any CPU
		{23640AB3-DF3F-4FD0-B24E-30CE332AD189}.Debug|Any CPU.ActiveCfg = Debug|Any CPU
		{23640AB3-DF3F-4FD0-B24E-30CE332AD189}.Debug|Any CPU.Build.0 = Debug|Any CPU
		{23640AB3-DF3F-4FD0-B24E-30CE332AD189}.Debug|x64.ActiveCfg = Debug|Any CPU
		{23640AB3-DF3F-4FD0-B24E-30CE332AD189}.Debug|x64.Build.0 = Debug|Any CPU
		{23640AB3-DF3F-4FD0-B24E-30CE332AD189}.Debug|x86.ActiveCfg = Debug|Any CPU
		{23640AB3-DF3F-4FD0-B24E-30CE332AD189}.Debug|x86.Build.0 = Debug|Any CPU
		{23640AB3-DF3F-4FD0-B24E-30CE332AD189}.Release|Any CPU.ActiveCfg = Release|Any CPU
		{23640AB3-DF3F-4FD0-B24E-30CE332AD189}.Release|Any CPU.Build.0 = Release|Any CPU
		{23640AB3-DF3F-4FD0-B24E-30CE332AD189}.Release|x64.ActiveCfg = Release|Any CPU
		{23640AB3-DF3F-4FD0-B24E-30CE332AD189}.Release|x64.Build.0 = Release|Any CPU
		{23640AB3-DF3F-4FD0-B24E-30CE332AD189}.Release|x86.ActiveCfg = Release|Any CPU
		{23640AB3-DF3F-4FD0-B24E-30CE332AD189}.Release|x86.Build.0 = Release|Any CPU
		{A5E21D10-5E1C-40C1-A523-4C17891C2118}.Debug|Any CPU.ActiveCfg = Debug|Any CPU
		{A5E21D10-5E1C-40C1-A523-4C17891C2118}.Debug|Any CPU.Build.0 = Debug|Any CPU
		{A5E21D10-5E1C-40C1-A523-4C17891C2118}.Debug|x64.ActiveCfg = Debug|Any CPU
		{A5E21D10-5E1C-40C1-A523-4C17891C2118}.Debug|x64.Build.0 = Debug|Any CPU
		{A5E21D10-5E1C-40C1-A523-4C17891C2118}.Debug|x86.ActiveCfg = Debug|Any CPU
		{A5E21D10-5E1C-40C1-A523-4C17891C2118}.Debug|x86.Build.0 = Debug|Any CPU
		{A5E21D10-5E1C-40C1-A523-4C17891C2118}.Release|Any CPU.ActiveCfg = Release|Any CPU
		{A5E21D10-5E1C-40C1-A523-4C17891C2118}.Release|Any CPU.Build.0 = Release|Any CPU
		{A5E21D10-5E1C-40C1-A523-4C17891C2118}.Release|x64.ActiveCfg = Release|Any CPU
		{A5E21D10-5E1C-40C1-A523-4C17891C2118}.Release|x64.Build.0 = Release|Any CPU
		{A5E21D10-5E1C-40C1-A523-4C17891C2118}.Release|x86.ActiveCfg = Release|Any CPU
		{A5E21D10-5E1C-40C1-A523-4C17891C2118}.Release|x86.Build.0 = Release|Any CPU
	EndGlobalSection
	GlobalSection(SolutionProperties) = preSolution
		HideSolutionNode = FALSE
	EndGlobalSection
	GlobalSection(NestedProjects) = preSolution
		{B34B3AF0-F65E-4DDD-AA9A-284D55C707A8} = {827E0CD3-B72D-47B6-A68D-7590B98EB39B}
		{23640AB3-DF3F-4FD0-B24E-30CE332AD189} = {827E0CD3-B72D-47B6-A68D-7590B98EB39B}
		{A5E21D10-5E1C-40C1-A523-4C17891C2118} = {0AB3BF05-4346-4AA6-1389-037BE0695223}
	EndGlobalSection
EndGlobal
